schema: '2.0'
stages:
  prepare:
    cmd: python -m rental_price_mlops.dataset
    deps:
    - path: data/raw/AB_NYC_2019.csv
      hash: md5
      md5: f772a1d8d29bae6e7a9beac0ae880a2b
      size: 7077973
    - path: rental_price_mlops/dataset.py
      hash: md5
      md5: 39b28101c32cc862ad319a80dc812849
      size: 3675
    outs:
    - path: data/processed/test.parquet
      hash: md5
      md5: a9f55b4087e992b5af539e7760425207
      size: 544124
    - path: data/processed/train.parquet
      hash: md5
      md5: 5a710d83051389af1e7e16d453f7ea0f
      size: 2210072
    - path: data/processed/val.parquet
      hash: md5
      md5: 658dcec6b9374bb934f5e49a93e04f16
      size: 550984
    - path: data/reference/reference.parquet
      hash: md5
      md5: 5a710d83051389af1e7e16d453f7ea0f
      size: 2210072
    - path: reports/data_prep_summary.json
      hash: md5
      md5: 6383699456d19d59a54aef2812f90bfd
      size: 828
  train:
    cmd: python -m rental_price_mlops.modeling.train
    deps:
    - path: data/processed/train.parquet
      hash: md5
      md5: 5a710d83051389af1e7e16d453f7ea0f
      size: 2210072
    - path: data/processed/val.parquet
      hash: md5
      md5: 658dcec6b9374bb934f5e49a93e04f16
      size: 550984
    - path: rental_price_mlops/modeling/train.py
      hash: md5
      md5: c11d857fff5c9ab7b0af3e0275307d64
      size: 4669
    outs:
    - path: models/baseline_model.pkl
      hash: md5
      md5: f137fc86574d18396a61f8495d2fe295
      size: 197030797
    - path: reports/baseline_metrics.json
      hash: md5
      md5: 21ee94d726363fa6285aef16c3013142
      size: 130
